// !$*UTF8*$!
{
	archiveVersion = 1;
	classes = {
	};
	objectVersion = 46;
	objects = {

/* Begin PBXBuildFile section */
		D3EB19101D97693D0026A261 /* AppDelegate.swift in Sources */ = {isa = PBXBuildFile; fileRef = D3EB190F1D97693D0026A261 /* AppDelegate.swift */; };
		D3EB19151D97693E0026A261 /* Main.storyboard in Resources */ = {isa = PBXBuildFile; fileRef = D3EB19131D97693E0026A261 /* Main.storyboard */; };
		D3EB19171D97693E0026A261 /* Assets.xcassets in Resources */ = {isa = PBXBuildFile; fileRef = D3EB19161D97693E0026A261 /* Assets.xcassets */; };
		D3EB191A1D97693E0026A261 /* LaunchScreen.storyboard in Resources */ = {isa = PBXBuildFile; fileRef = D3EB19181D97693E0026A261 /* LaunchScreen.storyboard */; };
		D3EB19221D97709A0026A261 /* CaviarDreams.ttf in Resources */ = {isa = PBXBuildFile; fileRef = D3EB19211D97709A0026A261 /* CaviarDreams.ttf */; };
		D3EB19241D9772BF0026A261 /* CaviarDreams_Bold.ttf in Resources */ = {isa = PBXBuildFile; fileRef = D3EB19231D9772BF0026A261 /* CaviarDreams_Bold.ttf */; };
		D3EB19261D97BC1F0026A261 /* WebsiteView.swift in Sources */ = {isa = PBXBuildFile; fileRef = D3EB19251D97BC1F0026A261 /* WebsiteView.swift */; };
		D3EB19281D97BF100026A261 /* ViewController.swift in Sources */ = {isa = PBXBuildFile; fileRef = D3EB19271D97BF100026A261 /* ViewController.swift */; };
		D3EB192A1D9807B90026A261 /* MenuView.swift in Sources */ = {isa = PBXBuildFile; fileRef = D3EB19291D9807B80026A261 /* MenuView.swift */; };
		D3EB192C1D980CB30026A261 /* RestaurantView.swift in Sources */ = {isa = PBXBuildFile; fileRef = D3EB192B1D980CB30026A261 /* RestaurantView.swift */; };
		D3EB192E1D980D9F0026A261 /* Restaurant.swift in Sources */ = {isa = PBXBuildFile; fileRef = D3EB192D1D980D9F0026A261 /* Restaurant.swift */; };
		D3EB19321D9824760026A261 /* Food.swift in Sources */ = {isa = PBXBuildFile; fileRef = D3EB19311D9824760026A261 /* Food.swift */; };
/* End PBXBuildFile section */

/* Begin PBXFileReference section */
		D3EB190C1D97693D0026A261 /* MarcoPolo.app */ = {isa = PBXFileReference; explicitFileType = wrapper.application; includeInIndex = 0; path = MarcoPolo.app; sourceTree = BUILT_PRODUCTS_DIR; };
		D3EB190F1D97693D0026A261 /* AppDelegate.swift */ = {isa = PBXFileReference; lastKnownFileType = sourcecode.swift; path = AppDelegate.swift; sourceTree = "<group>"; };
		D3EB19141D97693E0026A261 /* Base */ = {isa = PBXFileReference; lastKnownFileType = file.storyboard; name = Base; path = Base.lproj/Main.storyboard; sourceTree = "<group>"; };
		D3EB19161D97693E0026A261 /* Assets.xcassets */ = {isa = PBXFileReference; lastKnownFileType = folder.assetcatalog; path = Assets.xcassets; sourceTree = "<group>"; };
		D3EB19191D97693E0026A261 /* Base */ = {isa = PBXFileReference; lastKnownFileType = file.storyboard; name = Base; path = Base.lproj/LaunchScreen.storyboard; sourceTree = "<group>"; };
		D3EB191B1D97693E0026A261 /* Info.plist */ = {isa = PBXFileReference; lastKnownFileType = text.plist.xml; path = Info.plist; sourceTree = "<group>"; };
		D3EB19211D97709A0026A261 /* CaviarDreams.ttf */ = {isa = PBXFileReference; lastKnownFileType = file; path = CaviarDreams.ttf; sourceTree = "<group>"; };
		D3EB19231D9772BF0026A261 /* CaviarDreams_Bold.ttf */ = {isa = PBXFileReference; lastKnownFileType = file; path = CaviarDreams_Bold.ttf; sourceTree = "<group>"; };
		D3EB19251D97BC1F0026A261 /* WebsiteView.swift */ = {isa = PBXFileReference; fileEncoding = 4; lastKnownFileType = sourcecode.swift; path = WebsiteView.swift; sourceTree = "<group>"; };
		D3EB19271D97BF100026A261 /* ViewController.swift */ = {isa = PBXFileReference; fileEncoding = 4; lastKnownFileType = sourcecode.swift; path = ViewController.swift; sourceTree = "<group>"; };
		D3EB19291D9807B80026A261 /* MenuView.swift */ = {isa = PBXFileReference; fileEncoding = 4; lastKnownFileType = sourcecode.swift; path = MenuView.swift; sourceTree = "<group>"; };
		D3EB192B1D980CB30026A261 /* RestaurantView.swift */ = {isa = PBXFileReference; fileEncoding = 4; lastKnownFileType = sourcecode.swift; path = RestaurantView.swift; sourceTree = "<group>"; };
		D3EB192D1D980D9F0026A261 /* Restaurant.swift */ = {isa = PBXFileReference; fileEncoding = 4; lastKnownFileType = sourcecode.swift; path = Restaurant.swift; sourceTree = "<group>"; };
		D3EB19311D9824760026A261 /* Food.swift */ = {isa = PBXFileReference; fileEncoding = 4; lastKnownFileType = sourcecode.swift; path = Food.swift; sourceTree = "<group>"; };
/* End PBXFileReference section */

/* Begin PBXFrameworksBuildPhase section */
		D3EB19091D97693C0026A261 /* Frameworks */ = {
			isa = PBXFrameworksBuildPhase;
			buildActionMask = 2147483647;
			files = (
			);
			runOnlyForDeploymentPostprocessing = 0;
		};
/* End PBXFrameworksBuildPhase section */

/* Begin PBXGroup section */
		D3EB19031D97693B0026A261 = {
			isa = PBXGroup;
			children = (
				D3EB190E1D97693D0026A261 /* MarcoPolo */,
				D3EB190D1D97693D0026A261 /* Products */,
			);
			sourceTree = "<group>";
		};
		D3EB190D1D97693D0026A261 /* Products */ = {
			isa = PBXGroup;
			children = (
				D3EB190C1D97693D0026A261 /* MarcoPolo.app */,
			);
			name = Products;
			sourceTree = "<group>";
		};
		D3EB190E1D97693D0026A261 /* MarcoPolo */ = {
			isa = PBXGroup;
			children = (
				D3EB190F1D97693D0026A261 /* AppDelegate.swift */,
				D3EB19271D97BF100026A261 /* ViewController.swift */,
				D3EB19291D9807B80026A261 /* MenuView.swift */,
				D3EB19251D97BC1F0026A261 /* WebsiteView.swift */,
				D3EB19131D97693E0026A261 /* Main.storyboard */,
				D3EB192B1D980CB30026A261 /* RestaurantView.swift */,
				D3EB19311D9824760026A261 /* Food.swift */,
				D3EB192D1D980D9F0026A261 /* Restaurant.swift */,
				D3EB19161D97693E0026A261 /* Assets.xcassets */,
				D3EB19181D97693E0026A261 /* LaunchScreen.storyboard */,
				D3EB19211D97709A0026A261 /* CaviarDreams.ttf */,
				D3EB19231D9772BF0026A261 /* CaviarDreams_Bold.ttf */,
				D3EB191B1D97693E0026A261 /* Info.plist */,
			);
			path = MarcoPolo;
			sourceTree = "<group>";
		};
/* End PBXGroup section */

/* Begin PBXNativeTarget section */
		D3EB190B1D97693C0026A261 /* MarcoPolo */ = {
			isa = PBXNativeTarget;
			buildConfigurationList = D3EB191E1D97693F0026A261 /* Build configuration list for PBXNativeTarget "MarcoPolo" */;
			buildPhases = (
				D3EB19081D97693C0026A261 /* Sources */,
				D3EB19091D97693C0026A261 /* Frameworks */,
				D3EB190A1D97693C0026A261 /* Resources */,
			);
			buildRules = (
			);
			dependencies = (
			);
			name = MarcoPolo;
			productName = MarcoPolo;
			productReference = D3EB190C1D97693D0026A261 /* MarcoPolo.app */;
			productType = "com.apple.product-type.application";
		};
/* End PBXNativeTarget section */

/* Begin PBXProject section */
		D3EB19041D97693B0026A261 /* Project object */ = {
			isa = PBXProject;
			attributes = {
				LastSwiftUpdateCheck = 0730;
				LastUpgradeCheck = 0730;
				ORGANIZATIONNAME = Marco_Polo;
				TargetAttributes = {
					D3EB190B1D97693C0026A261 = {
						CreatedOnToolsVersion = 7.3.1;
					};
				};
			};
			buildConfigurationList = D3EB19071D97693B0026A261 /* Build configuration list for PBXProject "MarcoPolo" */;
			compatibilityVersion = "Xcode 3.2";
			developmentRegion = English;
			hasScannedForEncodings = 0;
			knownRegions = (
				en,
				Base,
			);
			mainGroup = D3EB19031D97693B0026A261;
			productRefGroup = D3EB190D1D97693D0026A261 /* Products */;
			projectDirPath = "";
			projectRoot = "";
			targets = (
				D3EB190B1D97693C0026A261 /* MarcoPolo */,
			);
		};
/* End PBXProject section */

/* Begin PBXResourcesBuildPhase section */
		D3EB190A1D97693C0026A261 /* Resources */ = {
			isa = PBXResourcesBuildPhase;
			buildActionMask = 2147483647;
			files = (
				D3EB191A1D97693E0026A261 /* LaunchScreen.storyboard in Resources */,
				D3EB19171D97693E0026A261 /* Assets.xcassets in Resources */,
				D3EB19241D9772BF0026A261 /* CaviarDreams_Bold.ttf in Resources */,
				D3EB19221D97709A0026A261 /* CaviarDreams.ttf in Resources */,
				D3EB19151D97693E0026A261 /* Main.storyboard in Resources */,
			);
			runOnlyForDeploymentPostprocessing = 0;
		};
/* End PBXResourcesBuildPhase section */

/* Begin PBXSourcesBuildPhase section */
		D3EB19081D97693C0026A261 /* Sources */ = {
			isa = PBXSourcesBuildPhase;
			buildActionMask = 2147483647;
			files = (
				D3EB19321D9824760026A261 /* Food.swift in Sources */,
				D3EB19281D97BF100026A261 /* ViewController.swift in Sources */,
				D3EB192A1D9807B90026A261 /* MenuView.swift in Sources */,
				D3EB192E1D980D9F0026A261 /* Restaurant.swift in Sources */,
				D3EB19261D97BC1F0026A261 /* WebsiteView.swift in Sources */,
				D3EB192C1D980CB30026A261 /* RestaurantView.swift in Sources */,
				D3EB19101D97693D0026A261 /* AppDelegate.swift in Sources */,
			);
			runOnlyForDeploymentPostprocessing = 0;
		};
/* End PBXSourcesBuildPhase section */

/* Begin PBXVariantGroup section */
		D3EB19131D97693E0026A261 /* Main.storyboard */ = {
			isa = PBXVariantGroup;
			children = (
				D3EB19141D97693E0026A261 /* Base */,
			);
			name = Main.storyboard;
			sourceTree = "<group>";
		};
		D3EB19181D97693E0026A261 /* LaunchScreen.storyboard */ = {
			isa = PBXVariantGroup;
			children = (
				D3EB19191D97693E0026A261 /* Base */,
			);
			name = LaunchScreen.storyboard;
			sourceTree = "<group>";
		};
/* End PBXVariantGroup section */

/* Begin XCBuildConfiguration section */
		D3EB191C1D97693E0026A261 /* Debug */ = {
			isa = XCBuildConfiguration;
			buildSettings = {
				ALWAYS_SEARCH_USER_PATHS = NO;
				CLANG_ANALYZER_NONNULL = YES;
				CLANG_CXX_LANGUAGE_STANDARD = "gnu++0x";
				CLANG_CXX_LIBRARY = "libc++";
				CLANG_ENABLE_MODULES = YES;
				CLANG_ENABLE_OBJC_ARC = YES;
				CLANG_WARN_BOOL_CONVERSION = YES;
				CLANG_WARN_CONSTANT_CONVERSION = YES;
				CLANG_WARN_DIRECT_OBJC_ISA_USAGE = YES_ERROR;
				CLANG_WARN_EMPTY_BODY = YES;
				CLANG_WARN_ENUM_CONVERSION = YES;
				CLANG_WARN_INT_CONVERSION = YES;
				CLANG_WARN_OBJC_ROOT_CLASS = YES_ERROR;
				CLANG_WARN_UNREACHABLE_CODE = YES;
				CLANG_WARN__DUPLICATE_METHOD_MATCH = YES;
				"CODE_SIGN_IDENTITY[sdk=iphoneos*]" = "iPhone Developer";
				COPY_PHASE_STRIP = NO;
				DEBUG_INFORMATION_FORMAT = dwarf;
				ENABLE_STRICT_OBJC_MSGSEND = YES;
				ENABLE_TESTABILITY = YES;
				GCC_C_LANGUAGE_STANDARD = gnu99;
				GCC_DYNAMIC_NO_PIC = NO;
				GCC_NO_COMMON_BLOCKS = YES;
				GCC_OPTIMIZATION_LEVEL = 0;
				GCC_PREPROCESSOR_DEFINITIONS = (
					"DEBUG=1",
					"$(inherited)",
				);
				GCC_WARN_64_TO_32_BIT_CONVERSION = YES;
				GCC_WARN_ABOUT_RETURN_TYPE = YES_ERROR;
				GCC_WARN_UNDECLARED_SELECTOR = YES;
				GCC_WARN_UNINITIALIZED_AUTOS = YES_AGGRESSIVE;
				GCC_WARN_UNUSED_FUNCTION = YES;
				GCC_WARN_UNUSED_VARIABLE = YES;
				IPHONEOS_DEPLOYMENT_TARGET = 9.3;
				MTL_ENABLE_DEBUG_INFO = YES;
				ONLY_ACTIVE_ARCH = YES;
				SDKROOT = iphoneos;
				SWIFT_OPTIMIZATION_LEVEL = "-Onone";
			};
			name = Debug;
		};
		D3EB191D1D97693E0026A261 /* Release */ = {
			isa = XCBuildConfiguration;
			buildSettings = {
				ALWAYS_SEARCH_USER_PATHS = NO;
				CLANG_ANALYZER_NONNULL = YES;
				CLANG_CXX_LANGUAGE_STANDARD = "gnu++0x";
				CLANG_CXX_LIBRARY = "libc++";
				CLANG_ENABLE_MODULES = YES;
				CLANG_ENABLE_OBJC_ARC = YES;
				CLANG_WARN_BOOL_CONVERSION = YES;
				CLANG_WARN_CONSTANT_CONVERSION = YES;
				CLANG_WARN_DIRECT_OBJC_ISA_USAGE = YES_ERROR;
				CLANG_WARN_EMPTY_BODY = YES;
				CLANG_WARN_ENUM_CONVERSION = YES;
				CLANG_WARN_INT_CONVERSION = YES;
				CLANG_WARN_OBJC_ROOT_CLASS = YES_ERROR;
				CLANG_WARN_UNREACHABLE_CODE = YES;
				CLANG_WARN__DUPLICATE_METHOD_MATCH = YES;
				"CODE_SIGN_IDENTITY[sdk=iphoneos*]" = "iPhone Developer";
				COPY_PHASE_STRIP = NO;
				DEBUG_INFORMATION_FORMAT = "dwarf-with-dsym";
				ENABLE_NS_ASSERTIONS = NO;
				ENABLE_STRICT_OBJC_MSGSEND = YES;
				GCC_C_LANGUAGE_STANDARD = gnu99;
				GCC_NO_COMMON_BLOCKS = YES;
				GCC_WARN_64_TO_32_BIT_CONVERSION = YES;
				GCC_WARN_ABOUT_RETURN_TYPE = YES_ERROR;
				GCC_WARN_UNDECLARED_SELECTOR = YES;
				GCC_WARN_UNINITIALIZED_AUTOS = YES_AGGRESSIVE;
				GCC_WARN_UNUSED_FUNCTION = YES;
				GCC_WARN_UNUSED_VARIABLE = YES;
				IPHONEOS_DEPLOYMENT_TARGET = 9.3;
				MTL_ENABLE_DEBUG_INFO = NO;
				SDKROOT = iphoneos;
				VALIDATE_PRODUCT = YES;
			};
			name = Release;
		};
		D3EB191F1D97693F0026A261 /* Debug */ = {
			isa = XCBuildConfiguration;
			buildSettings = {
				ASSETCATALOG_COMPILER_APPICON_NAME = AppIcon;
				INFOPLIST_FILE = MarcoPolo/Info.plist;
				LD_RUNPATH_SEARCH_PATHS = "$(inherited) @executable_path/Frameworks";
				PRODUCT_BUNDLE_IDENTIFIER = "com.Marco-Polo.MarcoPolo";
				PRODUCT_NAME = "$(TARGET_NAME)";
			};
			name = Debug;
		};
		D3EB19201D97693F0026A261 /* Release */ = {
			isa = XCBuildConfiguration;
			buildSettings = {
				ASSETCATALOG_COMPILER_APPICON_NAME = AppIcon;
				INFOPLIST_FILE = MarcoPolo/Info.plist;
				LD_RUNPATH_SEARCH_PATHS = "$(inherited) @executable_path/Frameworks";
				PRODUCT_BUNDLE_IDENTIFIER = "com.Marco-Polo.MarcoPolo";
				PRODUCT_NAME = "$(TARGET_NAME)";
			};
			name = Release;
		};
/* End XCBuildConfiguration section */

/* Begin XCConfigurationList section */
		D3EB19071D97693B0026A261 /* Build configuration list for PBXProject "MarcoPolo" */ = {
			isa = XCConfigurationList;
			buildConfigurations = (
				D3EB191C1D97693E0026A261 /* Debug */,
				D3EB191D1D97693E0026A261 /* Release */,
			);
			defaultConfigurationIsVisible = 0;
			defaultConfigurationName = Release;
		};
		D3EB191E1D97693F0026A261 /* Build configuration list for PBXNativeTarget "MarcoPolo" */ = {
			isa = XCConfigurationList;
			buildConfigurations = (
				D3EB191F1D97693F0026A261 /* Debug */,
				D3EB19201D97693F0026A261 /* Release */,
			);
			defaultConfigurationIsVisible = 0;
			defaultConfigurationName = Release;
		};
/* End XCConfigurationList section */
	};
	rootObject = D3EB19041D97693B0026A261 /* Project object */;
}
